
Microsoft Visual Studio Solution File, Format Version 12.00
# Visual Studio 15
VisualStudioVersion = 15.0.28307.421
MinimumVisualStudioVersion = 10.0.40219.1
Project("{FAE04EC0-301F-11D3-BF4B-00C04F79EFBC}") = "BlackJack", "BlackJack\BlackJack.csproj", "{03F057CE-8BCE-4C6C-9407-5A50A3B1168D}"
EndProject
Global
	GlobalSection(SolutionConfigurationPlatforms) = preSolution
		Debug|Any CPU = Debug|Any CPU
		Release|Any CPU = Release|Any CPU
	EndGlobalSection
	GlobalSection(ProjectConfigurationPlatforms) = postSolution
		{03F057CE-8BCE-4C6C-9407-5A50A3B1168D}.Debug|Any CPU.ActiveCfg = Debug|Any CPU
		{03F057CE-8BCE-4C6C-9407-5A50A3B1168D}.Debug|Any CPU.Build.0 = Debug|Any CPU
		{03F057CE-8BCE-4C6C-9407-5A50A3B1168D}.Release|Any CPU.ActiveCfg = Release|Any CPU
		{03F057CE-8BCE-4C6C-9407-5A50A3B1168D}.Release|Any CPU.Build.0 = Release|Any CPU
	EndGlobalSection
	GlobalSection(SolutionProperties) = preSolution
		HideSolutionNode = FALSE
	EndGlobalSection
	GlobalSection(ExtensibilityGlobals) = postSolution
		SolutionGuid = {2CC9B563-C91D-450B-BDE7-D49077FC9F09}
	EndGlobalSection
EndGlobal
